// !$*UTF8*$!
{
	archiveVersion = 1;
	classes = {
	};
	objectVersion = 56;
	objects = {

/* Begin PBXBuildFile section */
		0453D8591EE7044F7F01C2E7 /* Pods_BMS_MarvelVsDC.framework in Frameworks */ = {isa = PBXBuildFile; fileRef = 8BE81F4EE089F35B993F8E77 /* Pods_BMS_MarvelVsDC.framework */; };
		297CAA1F2983ACD2005D2319 /* AppDelegate.swift in Sources */ = {isa = PBXBuildFile; fileRef = 297CAA1E2983ACD2005D2319 /* AppDelegate.swift */; };
		297CAA212983ACD2005D2319 /* SceneDelegate.swift in Sources */ = {isa = PBXBuildFile; fileRef = 297CAA202983ACD2005D2319 /* SceneDelegate.swift */; };
		297CAA232983ACD2005D2319 /* MarvelDCMoviesListViewController.swift in Sources */ = {isa = PBXBuildFile; fileRef = 297CAA222983ACD2005D2319 /* MarvelDCMoviesListViewController.swift */; };
		297CAA262983ACD2005D2319 /* Main.storyboard in Resources */ = {isa = PBXBuildFile; fileRef = 297CAA242983ACD2005D2319 /* Main.storyboard */; };
		297CAA282983ACD3005D2319 /* Assets.xcassets in Resources */ = {isa = PBXBuildFile; fileRef = 297CAA272983ACD3005D2319 /* Assets.xcassets */; };
		297CAA2B2983ACD3005D2319 /* LaunchScreen.storyboard in Resources */ = {isa = PBXBuildFile; fileRef = 297CAA292983ACD3005D2319 /* LaunchScreen.storyboard */; };
		297CAA362983ACD3005D2319 /* BMS_MarvelVsDCTests.swift in Sources */ = {isa = PBXBuildFile; fileRef = 297CAA352983ACD3005D2319 /* BMS_MarvelVsDCTests.swift */; };
		297CAA402983ACD3005D2319 /* BMS_MarvelVsDCUITests.swift in Sources */ = {isa = PBXBuildFile; fileRef = 297CAA3F2983ACD3005D2319 /* BMS_MarvelVsDCUITests.swift */; };
		297CAA422983ACD3005D2319 /* BMS_MarvelVsDCUITestsLaunchTests.swift in Sources */ = {isa = PBXBuildFile; fileRef = 297CAA412983ACD3005D2319 /* BMS_MarvelVsDCUITestsLaunchTests.swift */; };
		297CAA592983AEB3005D2319 /* UIView+Extension.swift in Sources */ = {isa = PBXBuildFile; fileRef = 297CAA582983AEB3005D2319 /* UIView+Extension.swift */; };
		297CAA5B2983B7C8005D2319 /* APIManager.swift in Sources */ = {isa = PBXBuildFile; fileRef = 297CAA5A2983B7C8005D2319 /* APIManager.swift */; };
		297CAA5D2983E175005D2319 /* APIConstants.swift in Sources */ = {isa = PBXBuildFile; fileRef = 297CAA5C2983E175005D2319 /* APIConstants.swift */; };
		297CAA5F2983E205005D2319 /* APIHeader.swift in Sources */ = {isa = PBXBuildFile; fileRef = 297CAA5E2983E205005D2319 /* APIHeader.swift */; };
		297CAA632983E25E005D2319 /* MovieAPIManager.swift in Sources */ = {isa = PBXBuildFile; fileRef = 297CAA622983E25E005D2319 /* MovieAPIManager.swift */; };
		297CAA652983E404005D2319 /* UIViewController+Extension.swift in Sources */ = {isa = PBXBuildFile; fileRef = 297CAA642983E404005D2319 /* UIViewController+Extension.swift */; };
		297CAA672983E4C9005D2319 /* MarvelDCResponse.swift in Sources */ = {isa = PBXBuildFile; fileRef = 297CAA662983E4C9005D2319 /* MarvelDCResponse.swift */; };
		297CAA692983E5FB005D2319 /* MoviesListViewModel.swift in Sources */ = {isa = PBXBuildFile; fileRef = 297CAA682983E5FB005D2319 /* MoviesListViewModel.swift */; };
		297CAA6F2983E963005D2319 /* MovieTableViewCell.swift in Sources */ = {isa = PBXBuildFile; fileRef = 297CAA6D2983E963005D2319 /* MovieTableViewCell.swift */; };
		297CAA702983E963005D2319 /* MovieTableViewCell.xib in Resources */ = {isa = PBXBuildFile; fileRef = 297CAA6E2983E963005D2319 /* MovieTableViewCell.xib */; };
		297CAA722983EA41005D2319 /* String+Extension.swift in Sources */ = {isa = PBXBuildFile; fileRef = 297CAA712983EA41005D2319 /* String+Extension.swift */; };
		297CAA742983EB23005D2319 /* UITableView+Extension.swift in Sources */ = {isa = PBXBuildFile; fileRef = 297CAA732983EB23005D2319 /* UITableView+Extension.swift */; };
		297CAA772983EFE7005D2319 /* HorizontalListTableViewCell.swift in Sources */ = {isa = PBXBuildFile; fileRef = 297CAA752983EFE7005D2319 /* HorizontalListTableViewCell.swift */; };
		297CAA782983EFE7005D2319 /* HorizontalListTableViewCell.xib in Resources */ = {isa = PBXBuildFile; fileRef = 297CAA762983EFE7005D2319 /* HorizontalListTableViewCell.xib */; };
		297CAA7B2983F0A5005D2319 /* MovieCollectionViewCell.swift in Sources */ = {isa = PBXBuildFile; fileRef = 297CAA792983F0A5005D2319 /* MovieCollectionViewCell.swift */; };
		297CAA7C2983F0A5005D2319 /* MovieCollectionViewCell.xib in Resources */ = {isa = PBXBuildFile; fileRef = 297CAA7A2983F0A5005D2319 /* MovieCollectionViewCell.xib */; };
		297CAA7E2983F15C005D2319 /* UICollectionView+Extension.swift in Sources */ = {isa = PBXBuildFile; fileRef = 297CAA7D2983F15C005D2319 /* UICollectionView+Extension.swift */; };
		297CAA802983FB54005D2319 /* UIImageView+Extension.swift in Sources */ = {isa = PBXBuildFile; fileRef = 297CAA7F2983FB54005D2319 /* UIImageView+Extension.swift */; };
		297CAA8429850C22005D2319 /* ErrorView.xib in Resources */ = {isa = PBXBuildFile; fileRef = 297CAA8229850C22005D2319 /* ErrorView.xib */; };
		297CAA8529850C22005D2319 /* ErrorView.swift in Sources */ = {isa = PBXBuildFile; fileRef = 297CAA8329850C22005D2319 /* ErrorView.swift */; };
		AC79E27BAC6C6512E7D59E3D /* Pods_BMS_MarvelVsDC_BMS_MarvelVsDCUITests.framework in Frameworks */ = {isa = PBXBuildFile; fileRef = 37506479A2709D1A7CC29FC8 /* Pods_BMS_MarvelVsDC_BMS_MarvelVsDCUITests.framework */; };
		CE57ED7033493422685A6C99 /* Pods_BMS_MarvelVsDCTests.framework in Frameworks */ = {isa = PBXBuildFile; fileRef = 85780A7C24C538342DE84392 /* Pods_BMS_MarvelVsDCTests.framework */; };
/* End PBXBuildFile section */

/* Begin PBXContainerItemProxy section */
		297CAA322983ACD3005D2319 /* PBXContainerItemProxy */ = {
			isa = PBXContainerItemProxy;
			containerPortal = 297CAA132983ACD2005D2319 /* Project object */;
			proxyType = 1;
			remoteGlobalIDString = 297CAA1A2983ACD2005D2319;
			remoteInfo = "BMS-MarvelVsDC";
		};
		297CAA3C2983ACD3005D2319 /* PBXContainerItemProxy */ = {
			isa = PBXContainerItemProxy;
			containerPortal = 297CAA132983ACD2005D2319 /* Project object */;
			proxyType = 1;
			remoteGlobalIDString = 297CAA1A2983ACD2005D2319;
			remoteInfo = "BMS-MarvelVsDC";
		};
/* End PBXContainerItemProxy section */

/* Begin PBXFileReference section */
		02B903D380AC7F1B753ED0D4 /* Pods-BMS-MarvelVsDC.debug.xcconfig */ = {isa = PBXFileReference; includeInIndex = 1; lastKnownFileType = text.xcconfig; name = "Pods-BMS-MarvelVsDC.debug.xcconfig"; path = "Target Support Files/Pods-BMS-MarvelVsDC/Pods-BMS-MarvelVsDC.debug.xcconfig"; sourceTree = "<group>"; };
		1B246A0BB6E23921E6F7F440 /* Pods-BMS-MarvelVsDCTests.debug.xcconfig */ = {isa = PBXFileReference; includeInIndex = 1; lastKnownFileType = text.xcconfig; name = "Pods-BMS-MarvelVsDCTests.debug.xcconfig"; path = "Target Support Files/Pods-BMS-MarvelVsDCTests/Pods-BMS-MarvelVsDCTests.debug.xcconfig"; sourceTree = "<group>"; };
		2607704E0EEEF6EEF39F5C1F /* Pods-BMS-MarvelVsDC.release.xcconfig */ = {isa = PBXFileReference; includeInIndex = 1; lastKnownFileType = text.xcconfig; name = "Pods-BMS-MarvelVsDC.release.xcconfig"; path = "Target Support Files/Pods-BMS-MarvelVsDC/Pods-BMS-MarvelVsDC.release.xcconfig"; sourceTree = "<group>"; };
		297CAA1B2983ACD2005D2319 /* BMS-MarvelVsDC.app */ = {isa = PBXFileReference; explicitFileType = wrapper.application; includeInIndex = 0; path = "BMS-MarvelVsDC.app"; sourceTree = BUILT_PRODUCTS_DIR; };
		297CAA1E2983ACD2005D2319 /* AppDelegate.swift */ = {isa = PBXFileReference; lastKnownFileType = sourcecode.swift; path = AppDelegate.swift; sourceTree = "<group>"; };
		297CAA202983ACD2005D2319 /* SceneDelegate.swift */ = {isa = PBXFileReference; lastKnownFileType = sourcecode.swift; path = SceneDelegate.swift; sourceTree = "<group>"; };
		297CAA222983ACD2005D2319 /* MarvelDCMoviesListViewController.swift */ = {isa = PBXFileReference; lastKnownFileType = sourcecode.swift; path = MarvelDCMoviesListViewController.swift; sourceTree = "<group>"; };
		297CAA252983ACD2005D2319 /* Base */ = {isa = PBXFileReference; lastKnownFileType = file.storyboard; name = Base; path = Base.lproj/Main.storyboard; sourceTree = "<group>"; };
		297CAA272983ACD3005D2319 /* Assets.xcassets */ = {isa = PBXFileReference; lastKnownFileType = folder.assetcatalog; path = Assets.xcassets; sourceTree = "<group>"; };
		297CAA2A2983ACD3005D2319 /* Base */ = {isa = PBXFileReference; lastKnownFileType = file.storyboard; name = Base; path = Base.lproj/LaunchScreen.storyboard; sourceTree = "<group>"; };
		297CAA2C2983ACD3005D2319 /* Info.plist */ = {isa = PBXFileReference; lastKnownFileType = text.plist.xml; path = Info.plist; sourceTree = "<group>"; };
		297CAA312983ACD3005D2319 /* BMS-MarvelVsDCTests.xctest */ = {isa = PBXFileReference; explicitFileType = wrapper.cfbundle; includeInIndex = 0; path = "BMS-MarvelVsDCTests.xctest"; sourceTree = BUILT_PRODUCTS_DIR; };
		297CAA352983ACD3005D2319 /* BMS_MarvelVsDCTests.swift */ = {isa = PBXFileReference; lastKnownFileType = sourcecode.swift; path = BMS_MarvelVsDCTests.swift; sourceTree = "<group>"; };
		297CAA3B2983ACD3005D2319 /* BMS-MarvelVsDCUITests.xctest */ = {isa = PBXFileReference; explicitFileType = wrapper.cfbundle; includeInIndex = 0; path = "BMS-MarvelVsDCUITests.xctest"; sourceTree = BUILT_PRODUCTS_DIR; };
		297CAA3F2983ACD3005D2319 /* BMS_MarvelVsDCUITests.swift */ = {isa = PBXFileReference; lastKnownFileType = sourcecode.swift; path = BMS_MarvelVsDCUITests.swift; sourceTree = "<group>"; };
		297CAA412983ACD3005D2319 /* BMS_MarvelVsDCUITestsLaunchTests.swift */ = {isa = PBXFileReference; lastKnownFileType = sourcecode.swift; path = BMS_MarvelVsDCUITestsLaunchTests.swift; sourceTree = "<group>"; };
		297CAA582983AEB3005D2319 /* UIView+Extension.swift */ = {isa = PBXFileReference; lastKnownFileType = sourcecode.swift; path = "UIView+Extension.swift"; sourceTree = "<group>"; };
		297CAA5A2983B7C8005D2319 /* APIManager.swift */ = {isa = PBXFileReference; lastKnownFileType = sourcecode.swift; path = APIManager.swift; sourceTree = "<group>"; };
		297CAA5C2983E175005D2319 /* APIConstants.swift */ = {isa = PBXFileReference; lastKnownFileType = sourcecode.swift; path = APIConstants.swift; sourceTree = "<group>"; };
		297CAA5E2983E205005D2319 /* APIHeader.swift */ = {isa = PBXFileReference; lastKnownFileType = sourcecode.swift; path = APIHeader.swift; sourceTree = "<group>"; };
		297CAA622983E25E005D2319 /* MovieAPIManager.swift */ = {isa = PBXFileReference; lastKnownFileType = sourcecode.swift; path = MovieAPIManager.swift; sourceTree = "<group>"; };
		297CAA642983E404005D2319 /* UIViewController+Extension.swift */ = {isa = PBXFileReference; lastKnownFileType = sourcecode.swift; path = "UIViewController+Extension.swift"; sourceTree = "<group>"; };
		297CAA662983E4C9005D2319 /* MarvelDCResponse.swift */ = {isa = PBXFileReference; lastKnownFileType = sourcecode.swift; path = MarvelDCResponse.swift; sourceTree = "<group>"; };
		297CAA682983E5FB005D2319 /* MoviesListViewModel.swift */ = {isa = PBXFileReference; lastKnownFileType = sourcecode.swift; path = MoviesListViewModel.swift; sourceTree = "<group>"; };
		297CAA6D2983E963005D2319 /* MovieTableViewCell.swift */ = {isa = PBXFileReference; lastKnownFileType = sourcecode.swift; path = MovieTableViewCell.swift; sourceTree = "<group>"; };
		297CAA6E2983E963005D2319 /* MovieTableViewCell.xib */ = {isa = PBXFileReference; lastKnownFileType = file.xib; path = MovieTableViewCell.xib; sourceTree = "<group>"; };
		297CAA712983EA41005D2319 /* String+Extension.swift */ = {isa = PBXFileReference; lastKnownFileType = sourcecode.swift; path = "String+Extension.swift"; sourceTree = "<group>"; };
		297CAA732983EB23005D2319 /* UITableView+Extension.swift */ = {isa = PBXFileReference; lastKnownFileType = sourcecode.swift; path = "UITableView+Extension.swift"; sourceTree = "<group>"; };
		297CAA752983EFE7005D2319 /* HorizontalListTableViewCell.swift */ = {isa = PBXFileReference; lastKnownFileType = sourcecode.swift; path = HorizontalListTableViewCell.swift; sourceTree = "<group>"; };
		297CAA762983EFE7005D2319 /* HorizontalListTableViewCell.xib */ = {isa = PBXFileReference; lastKnownFileType = file.xib; path = HorizontalListTableViewCell.xib; sourceTree = "<group>"; };
		297CAA792983F0A5005D2319 /* MovieCollectionViewCell.swift */ = {isa = PBXFileReference; lastKnownFileType = sourcecode.swift; path = MovieCollectionViewCell.swift; sourceTree = "<group>"; };
		297CAA7A2983F0A5005D2319 /* MovieCollectionViewCell.xib */ = {isa = PBXFileReference; lastKnownFileType = file.xib; path = MovieCollectionViewCell.xib; sourceTree = "<group>"; };
		297CAA7D2983F15C005D2319 /* UICollectionView+Extension.swift */ = {isa = PBXFileReference; lastKnownFileType = sourcecode.swift; path = "UICollectionView+Extension.swift"; sourceTree = "<group>"; };
		297CAA7F2983FB54005D2319 /* UIImageView+Extension.swift */ = {isa = PBXFileReference; lastKnownFileType = sourcecode.swift; path = "UIImageView+Extension.swift"; sourceTree = "<group>"; };
		297CAA8229850C22005D2319 /* ErrorView.xib */ = {isa = PBXFileReference; fileEncoding = 4; lastKnownFileType = file.xib; path = ErrorView.xib; sourceTree = "<group>"; };
		297CAA8329850C22005D2319 /* ErrorView.swift */ = {isa = PBXFileReference; fileEncoding = 4; lastKnownFileType = sourcecode.swift; path = ErrorView.swift; sourceTree = "<group>"; };
		37506479A2709D1A7CC29FC8 /* Pods_BMS_MarvelVsDC_BMS_MarvelVsDCUITests.framework */ = {isa = PBXFileReference; explicitFileType = wrapper.framework; includeInIndex = 0; path = Pods_BMS_MarvelVsDC_BMS_MarvelVsDCUITests.framework; sourceTree = BUILT_PRODUCTS_DIR; };
		5A0DD68A70CC8F1402AC1979 /* Pods-BMS-MarvelVsDC-BMS-MarvelVsDCUITests.release.xcconfig */ = {isa = PBXFileReference; includeInIndex = 1; lastKnownFileType = text.xcconfig; name = "Pods-BMS-MarvelVsDC-BMS-MarvelVsDCUITests.release.xcconfig"; path = "Target Support Files/Pods-BMS-MarvelVsDC-BMS-MarvelVsDCUITests/Pods-BMS-MarvelVsDC-BMS-MarvelVsDCUITests.release.xcconfig"; sourceTree = "<group>"; };
		80DEAD5ECCB898A304D5CFA5 /* Pods-BMS-MarvelVsDCTests.release.xcconfig */ = {isa = PBXFileReference; includeInIndex = 1; lastKnownFileType = text.xcconfig; name = "Pods-BMS-MarvelVsDCTests.release.xcconfig"; path = "Target Support Files/Pods-BMS-MarvelVsDCTests/Pods-BMS-MarvelVsDCTests.release.xcconfig"; sourceTree = "<group>"; };
		85780A7C24C538342DE84392 /* Pods_BMS_MarvelVsDCTests.framework */ = {isa = PBXFileReference; explicitFileType = wrapper.framework; includeInIndex = 0; path = Pods_BMS_MarvelVsDCTests.framework; sourceTree = BUILT_PRODUCTS_DIR; };
		8BE81F4EE089F35B993F8E77 /* Pods_BMS_MarvelVsDC.framework */ = {isa = PBXFileReference; explicitFileType = wrapper.framework; includeInIndex = 0; path = Pods_BMS_MarvelVsDC.framework; sourceTree = BUILT_PRODUCTS_DIR; };
		94FF51A9A5168799576E0826 /* Pods-BMS-MarvelVsDC-BMS-MarvelVsDCUITests.debug.xcconfig */ = {isa = PBXFileReference; includeInIndex = 1; lastKnownFileType = text.xcconfig; name = "Pods-BMS-MarvelVsDC-BMS-MarvelVsDCUITests.debug.xcconfig"; path = "Target Support Files/Pods-BMS-MarvelVsDC-BMS-MarvelVsDCUITests/Pods-BMS-MarvelVsDC-BMS-MarvelVsDCUITests.debug.xcconfig"; sourceTree = "<group>"; };
/* End PBXFileReference section */

/* Begin PBXFrameworksBuildPhase section */
		297CAA182983ACD2005D2319 /* Frameworks */ = {
			isa = PBXFrameworksBuildPhase;
			buildActionMask = 2147483647;
			files = (
				0453D8591EE7044F7F01C2E7 /* Pods_BMS_MarvelVsDC.framework in Frameworks */,
			);
			runOnlyForDeploymentPostprocessing = 0;
		};
		297CAA2E2983ACD3005D2319 /* Frameworks */ = {
			isa = PBXFrameworksBuildPhase;
			buildActionMask = 2147483647;
			files = (
				CE57ED7033493422685A6C99 /* Pods_BMS_MarvelVsDCTests.framework in Frameworks */,
			);
			runOnlyForDeploymentPostprocessing = 0;
		};
		297CAA382983ACD3005D2319 /* Frameworks */ = {
			isa = PBXFrameworksBuildPhase;
			buildActionMask = 2147483647;
			files = (
				AC79E27BAC6C6512E7D59E3D /* Pods_BMS_MarvelVsDC_BMS_MarvelVsDCUITests.framework in Frameworks */,
			);
			runOnlyForDeploymentPostprocessing = 0;
		};
/* End PBXFrameworksBuildPhase section */

/* Begin PBXGroup section */
		297CAA122983ACD2005D2319 = {
			isa = PBXGroup;
			children = (
				297CAA1D2983ACD2005D2319 /* BMS-MarvelVsDC */,
				297CAA342983ACD3005D2319 /* BMS-MarvelVsDCTests */,
				297CAA3E2983ACD3005D2319 /* BMS-MarvelVsDCUITests */,
				297CAA1C2983ACD2005D2319 /* Products */,
				7AE1179D3C93143BE722D209 /* Pods */,
				730DF378EF8D207F641D6215 /* Frameworks */,
			);
			sourceTree = "<group>";
		};
		297CAA1C2983ACD2005D2319 /* Products */ = {
			isa = PBXGroup;
			children = (
				297CAA1B2983ACD2005D2319 /* BMS-MarvelVsDC.app */,
				297CAA312983ACD3005D2319 /* BMS-MarvelVsDCTests.xctest */,
				297CAA3B2983ACD3005D2319 /* BMS-MarvelVsDCUITests.xctest */,
			);
			name = Products;
			sourceTree = "<group>";
		};
		297CAA1D2983ACD2005D2319 /* BMS-MarvelVsDC */ = {
			isa = PBXGroup;
			children = (
				297CAA512983AE22005D2319 /* Assets */,
				297CAA502983AE11005D2319 /* ApplicationFile */,
				297CAA4F2983AE04005D2319 /* Modules */,
				297CAA4E2983ADF9005D2319 /* Utility */,
				297CAA292983ACD3005D2319 /* LaunchScreen.storyboard */,
				297CAA2C2983ACD3005D2319 /* Info.plist */,
			);
			path = "BMS-MarvelVsDC";
			sourceTree = "<group>";
		};
		297CAA342983ACD3005D2319 /* BMS-MarvelVsDCTests */ = {
			isa = PBXGroup;
			children = (
				297CAA352983ACD3005D2319 /* BMS_MarvelVsDCTests.swift */,
			);
			path = "BMS-MarvelVsDCTests";
			sourceTree = "<group>";
		};
		297CAA3E2983ACD3005D2319 /* BMS-MarvelVsDCUITests */ = {
			isa = PBXGroup;
			children = (
				297CAA3F2983ACD3005D2319 /* BMS_MarvelVsDCUITests.swift */,
				297CAA412983ACD3005D2319 /* BMS_MarvelVsDCUITestsLaunchTests.swift */,
			);
			path = "BMS-MarvelVsDCUITests";
			sourceTree = "<group>";
		};
		297CAA4E2983ADF9005D2319 /* Utility */ = {
			isa = PBXGroup;
			children = (
				297CAA572983AE67005D2319 /* CommonView */,
				297CAA562983AE60005D2319 /* Extensions */,
				297CAA552983AE56005D2319 /* Network */,
			);
			path = Utility;
			sourceTree = "<group>";
		};
		297CAA4F2983AE04005D2319 /* Modules */ = {
			isa = PBXGroup;
			children = (
				297CAA542983AE3A005D2319 /* Model */,
				297CAA532983AE31005D2319 /* View */,
				297CAA522983AE2C005D2319 /* ViewModel */,
			);
			path = Modules;
			sourceTree = "<group>";
		};
		297CAA502983AE11005D2319 /* ApplicationFile */ = {
			isa = PBXGroup;
			children = (
				297CAA1E2983ACD2005D2319 /* AppDelegate.swift */,
				297CAA202983ACD2005D2319 /* SceneDelegate.swift */,
			);
			path = ApplicationFile;
			sourceTree = "<group>";
		};
		297CAA512983AE22005D2319 /* Assets */ = {
			isa = PBXGroup;
			children = (
				297CAA272983ACD3005D2319 /* Assets.xcassets */,
			);
			path = Assets;
			sourceTree = "<group>";
		};
		297CAA522983AE2C005D2319 /* ViewModel */ = {
			isa = PBXGroup;
			children = (
				297CAA682983E5FB005D2319 /* MoviesListViewModel.swift */,
			);
			path = ViewModel;
			sourceTree = "<group>";
		};
		297CAA532983AE31005D2319 /* View */ = {
			isa = PBXGroup;
			children = (
				297CAA6A2983E704005D2319 /* Storyboard */,
				297CAA6C2983E717005D2319 /* Cell */,
				297CAA6B2983E70F005D2319 /* ViewController */,
			);
			path = View;
			sourceTree = "<group>";
		};
		297CAA542983AE3A005D2319 /* Model */ = {
			isa = PBXGroup;
			children = (
				297CAA662983E4C9005D2319 /* MarvelDCResponse.swift */,
			);
			path = Model;
			sourceTree = "<group>";
		};
		297CAA552983AE56005D2319 /* Network */ = {
			isa = PBXGroup;
			children = (
				297CAA612983E255005D2319 /* APIs */,
				297CAA5A2983B7C8005D2319 /* APIManager.swift */,
				297CAA5C2983E175005D2319 /* APIConstants.swift */,
				297CAA5E2983E205005D2319 /* APIHeader.swift */,
			);
			path = Network;
			sourceTree = "<group>";
		};
		297CAA562983AE60005D2319 /* Extensions */ = {
			isa = PBXGroup;
			children = (
				297CAA582983AEB3005D2319 /* UIView+Extension.swift */,
				297CAA642983E404005D2319 /* UIViewController+Extension.swift */,
				297CAA712983EA41005D2319 /* String+Extension.swift */,
				297CAA732983EB23005D2319 /* UITableView+Extension.swift */,
				297CAA7D2983F15C005D2319 /* UICollectionView+Extension.swift */,
				297CAA7F2983FB54005D2319 /* UIImageView+Extension.swift */,
			);
			path = Extensions;
			sourceTree = "<group>";
		};
		297CAA572983AE67005D2319 /* CommonView */ = {
			isa = PBXGroup;
			children = (
				297CAA8129850C22005D2319 /* ErrorView */,
			);
			path = CommonView;
			sourceTree = "<group>";
		};
		297CAA612983E255005D2319 /* APIs */ = {
			isa = PBXGroup;
			children = (
				297CAA622983E25E005D2319 /* MovieAPIManager.swift */,
			);
			path = APIs;
			sourceTree = "<group>";
		};
		297CAA6A2983E704005D2319 /* Storyboard */ = {
			isa = PBXGroup;
			children = (
				297CAA242983ACD2005D2319 /* Main.storyboard */,
			);
			path = Storyboard;
			sourceTree = "<group>";
		};
		297CAA6B2983E70F005D2319 /* ViewController */ = {
			isa = PBXGroup;
			children = (
				297CAA222983ACD2005D2319 /* MarvelDCMoviesListViewController.swift */,
			);
			path = ViewController;
			sourceTree = "<group>";
		};
		297CAA6C2983E717005D2319 /* Cell */ = {
			isa = PBXGroup;
			children = (
				297CAA6D2983E963005D2319 /* MovieTableViewCell.swift */,
				297CAA6E2983E963005D2319 /* MovieTableViewCell.xib */,
				297CAA752983EFE7005D2319 /* HorizontalListTableViewCell.swift */,
				297CAA762983EFE7005D2319 /* HorizontalListTableViewCell.xib */,
				297CAA792983F0A5005D2319 /* MovieCollectionViewCell.swift */,
				297CAA7A2983F0A5005D2319 /* MovieCollectionViewCell.xib */,
			);
			path = Cell;
			sourceTree = "<group>";
		};
		297CAA8129850C22005D2319 /* ErrorView */ = {
			isa = PBXGroup;
			children = (
				297CAA8229850C22005D2319 /* ErrorView.xib */,
				297CAA8329850C22005D2319 /* ErrorView.swift */,
			);
			path = ErrorView;
			sourceTree = "<group>";
		};
		730DF378EF8D207F641D6215 /* Frameworks */ = {
			isa = PBXGroup;
			children = (
				8BE81F4EE089F35B993F8E77 /* Pods_BMS_MarvelVsDC.framework */,
				37506479A2709D1A7CC29FC8 /* Pods_BMS_MarvelVsDC_BMS_MarvelVsDCUITests.framework */,
				85780A7C24C538342DE84392 /* Pods_BMS_MarvelVsDCTests.framework */,
			);
			name = Frameworks;
			sourceTree = "<group>";
		};
		7AE1179D3C93143BE722D209 /* Pods */ = {
			isa = PBXGroup;
			children = (
				02B903D380AC7F1B753ED0D4 /* Pods-BMS-MarvelVsDC.debug.xcconfig */,
				2607704E0EEEF6EEF39F5C1F /* Pods-BMS-MarvelVsDC.release.xcconfig */,
				94FF51A9A5168799576E0826 /* Pods-BMS-MarvelVsDC-BMS-MarvelVsDCUITests.debug.xcconfig */,
				5A0DD68A70CC8F1402AC1979 /* Pods-BMS-MarvelVsDC-BMS-MarvelVsDCUITests.release.xcconfig */,
				1B246A0BB6E23921E6F7F440 /* Pods-BMS-MarvelVsDCTests.debug.xcconfig */,
				80DEAD5ECCB898A304D5CFA5 /* Pods-BMS-MarvelVsDCTests.release.xcconfig */,
			);
			path = Pods;
			sourceTree = "<group>";
		};
/* End PBXGroup section */

/* Begin PBXNativeTarget section */
		297CAA1A2983ACD2005D2319 /* BMS-MarvelVsDC */ = {
			isa = PBXNativeTarget;
			buildConfigurationList = 297CAA452983ACD3005D2319 /* Build configuration list for PBXNativeTarget "BMS-MarvelVsDC" */;
			buildPhases = (
				87A17BEF69B206ABEB070BC6 /* [CP] Check Pods Manifest.lock */,
				297CAA172983ACD2005D2319 /* Sources */,
				297CAA182983ACD2005D2319 /* Frameworks */,
				297CAA192983ACD2005D2319 /* Resources */,
				8E1836EEF18BE156ECB5BD16 /* [CP] Embed Pods Frameworks */,
			);
			buildRules = (
			);
			dependencies = (
			);
			name = "BMS-MarvelVsDC";
			productName = "BMS-MarvelVsDC";
			productReference = 297CAA1B2983ACD2005D2319 /* BMS-MarvelVsDC.app */;
			productType = "com.apple.product-type.application";
		};
		297CAA302983ACD3005D2319 /* BMS-MarvelVsDCTests */ = {
			isa = PBXNativeTarget;
			buildConfigurationList = 297CAA482983ACD3005D2319 /* Build configuration list for PBXNativeTarget "BMS-MarvelVsDCTests" */;
			buildPhases = (
				2166E1FF46B6ED3C1A68A937 /* [CP] Check Pods Manifest.lock */,
				297CAA2D2983ACD3005D2319 /* Sources */,
				297CAA2E2983ACD3005D2319 /* Frameworks */,
				297CAA2F2983ACD3005D2319 /* Resources */,
			);
			buildRules = (
			);
			dependencies = (
				297CAA332983ACD3005D2319 /* PBXTargetDependency */,
			);
			name = "BMS-MarvelVsDCTests";
			productName = "BMS-MarvelVsDCTests";
			productReference = 297CAA312983ACD3005D2319 /* BMS-MarvelVsDCTests.xctest */;
			productType = "com.apple.product-type.bundle.unit-test";
		};
		297CAA3A2983ACD3005D2319 /* BMS-MarvelVsDCUITests */ = {
			isa = PBXNativeTarget;
			buildConfigurationList = 297CAA4B2983ACD3005D2319 /* Build configuration list for PBXNativeTarget "BMS-MarvelVsDCUITests" */;
			buildPhases = (
				1D414079C14BEC2E2388E291 /* [CP] Check Pods Manifest.lock */,
				297CAA372983ACD3005D2319 /* Sources */,
				297CAA382983ACD3005D2319 /* Frameworks */,
				297CAA392983ACD3005D2319 /* Resources */,
				10E009038AA6B40160FDCD20 /* [CP] Embed Pods Frameworks */,
			);
			buildRules = (
			);
			dependencies = (
				297CAA3D2983ACD3005D2319 /* PBXTargetDependency */,
			);
			name = "BMS-MarvelVsDCUITests";
			productName = "BMS-MarvelVsDCUITests";
			productReference = 297CAA3B2983ACD3005D2319 /* BMS-MarvelVsDCUITests.xctest */;
			productType = "com.apple.product-type.bundle.ui-testing";
		};
/* End PBXNativeTarget section */

/* Begin PBXProject section */
		297CAA132983ACD2005D2319 /* Project object */ = {
			isa = PBXProject;
			attributes = {
				BuildIndependentTargetsInParallel = 1;
				LastSwiftUpdateCheck = 1400;
				LastUpgradeCheck = 1400;
				TargetAttributes = {
					297CAA1A2983ACD2005D2319 = {
						CreatedOnToolsVersion = 14.0.1;
					};
					297CAA302983ACD3005D2319 = {
						CreatedOnToolsVersion = 14.0.1;
						TestTargetID = 297CAA1A2983ACD2005D2319;
					};
					297CAA3A2983ACD3005D2319 = {
						CreatedOnToolsVersion = 14.0.1;
						TestTargetID = 297CAA1A2983ACD2005D2319;
					};
				};
			};
			buildConfigurationList = 297CAA162983ACD2005D2319 /* Build configuration list for PBXProject "BMS-MarvelVsDC" */;
			compatibilityVersion = "Xcode 14.0";
			developmentRegion = en;
			hasScannedForEncodings = 0;
			knownRegions = (
				en,
				Base,
			);
			mainGroup = 297CAA122983ACD2005D2319;
			productRefGroup = 297CAA1C2983ACD2005D2319 /* Products */;
			projectDirPath = "";
			projectRoot = "";
			targets = (
				297CAA1A2983ACD2005D2319 /* BMS-MarvelVsDC */,
				297CAA302983ACD3005D2319 /* BMS-MarvelVsDCTests */,
				297CAA3A2983ACD3005D2319 /* BMS-MarvelVsDCUITests */,
			);
		};
/* End PBXProject section */

/* Begin PBXResourcesBuildPhase section */
		297CAA192983ACD2005D2319 /* Resources */ = {
			isa = PBXResourcesBuildPhase;
			buildActionMask = 2147483647;
			files = (
				297CAA2B2983ACD3005D2319 /* LaunchScreen.storyboard in Resources */,
				297CAA782983EFE7005D2319 /* HorizontalListTableViewCell.xib in Resources */,
				297CAA282983ACD3005D2319 /* Assets.xcassets in Resources */,
				297CAA702983E963005D2319 /* MovieTableViewCell.xib in Resources */,
				297CAA8429850C22005D2319 /* ErrorView.xib in Resources */,
				297CAA262983ACD2005D2319 /* Main.storyboard in Resources */,
				297CAA7C2983F0A5005D2319 /* MovieCollectionViewCell.xib in Resources */,
			);
			runOnlyForDeploymentPostprocessing = 0;
		};
		297CAA2F2983ACD3005D2319 /* Resources */ = {
			isa = PBXResourcesBuildPhase;
			buildActionMask = 2147483647;
			files = (
			);
			runOnlyForDeploymentPostprocessing = 0;
		};
		297CAA392983ACD3005D2319 /* Resources */ = {
			isa = PBXResourcesBuildPhase;
			buildActionMask = 2147483647;
			files = (
			);
			runOnlyForDeploymentPostprocessing = 0;
		};
/* End PBXResourcesBuildPhase section */

/* Begin PBXShellScriptBuildPhase section */
		10E009038AA6B40160FDCD20 /* [CP] Embed Pods Frameworks */ = {
			isa = PBXShellScriptBuildPhase;
			buildActionMask = 2147483647;
			files = (
			);
			inputFileListPaths = (
				"${PODS_ROOT}/Target Support Files/Pods-BMS-MarvelVsDC-BMS-MarvelVsDCUITests/Pods-BMS-MarvelVsDC-BMS-MarvelVsDCUITests-frameworks-${CONFIGURATION}-input-files.xcfilelist",
			);
			name = "[CP] Embed Pods Frameworks";
			outputFileListPaths = (
				"${PODS_ROOT}/Target Support Files/Pods-BMS-MarvelVsDC-BMS-MarvelVsDCUITests/Pods-BMS-MarvelVsDC-BMS-MarvelVsDCUITests-frameworks-${CONFIGURATION}-output-files.xcfilelist",
			);
			runOnlyForDeploymentPostprocessing = 0;
			shellPath = /bin/sh;
			shellScript = "\"${PODS_ROOT}/Target Support Files/Pods-BMS-MarvelVsDC-BMS-MarvelVsDCUITests/Pods-BMS-MarvelVsDC-BMS-MarvelVsDCUITests-frameworks.sh\"\n";
			showEnvVarsInLog = 0;
		};
		1D414079C14BEC2E2388E291 /* [CP] Check Pods Manifest.lock */ = {
			isa = PBXShellScriptBuildPhase;
			buildActionMask = 2147483647;
			files = (
			);
			inputFileListPaths = (
			);
			inputPaths = (
				"${PODS_PODFILE_DIR_PATH}/Podfile.lock",
				"${PODS_ROOT}/Manifest.lock",
			);
			name = "[CP] Check Pods Manifest.lock";
			outputFileListPaths = (
			);
			outputPaths = (
				"$(DERIVED_FILE_DIR)/Pods-BMS-MarvelVsDC-BMS-MarvelVsDCUITests-checkManifestLockResult.txt",
			);
			runOnlyForDeploymentPostprocessing = 0;
			shellPath = /bin/sh;
			shellScript = "diff \"${PODS_PODFILE_DIR_PATH}/Podfile.lock\" \"${PODS_ROOT}/Manifest.lock\" > /dev/null\nif [ $? != 0 ] ; then\n    # print error to STDERR\n    echo \"error: The sandbox is not in sync with the Podfile.lock. Run 'pod install' or update your CocoaPods installation.\" >&2\n    exit 1\nfi\n# This output is used by Xcode 'outputs' to avoid re-running this script phase.\necho \"SUCCESS\" > \"${SCRIPT_OUTPUT_FILE_0}\"\n";
			showEnvVarsInLog = 0;
		};
		2166E1FF46B6ED3C1A68A937 /* [CP] Check Pods Manifest.lock */ = {
			isa = PBXShellScriptBuildPhase;
			buildActionMask = 2147483647;
			files = (
			);
			inputFileListPaths = (
			);
			inputPaths = (
				"${PODS_PODFILE_DIR_PATH}/Podfile.lock",
				"${PODS_ROOT}/Manifest.lock",
			);
			name = "[CP] Check Pods Manifest.lock";
			outputFileListPaths = (
			);
			outputPaths = (
				"$(DERIVED_FILE_DIR)/Pods-BMS-MarvelVsDCTests-checkManifestLockResult.txt",
			);
			runOnlyForDeploymentPostprocessing = 0;
			shellPath = /bin/sh;
			shellScript = "diff \"${PODS_PODFILE_DIR_PATH}/Podfile.lock\" \"${PODS_ROOT}/Manifest.lock\" > /dev/null\nif [ $? != 0 ] ; then\n    # print error to STDERR\n    echo \"error: The sandbox is not in sync with the Podfile.lock. Run 'pod install' or update your CocoaPods installation.\" >&2\n    exit 1\nfi\n# This output is used by Xcode 'outputs' to avoid re-running this script phase.\necho \"SUCCESS\" > \"${SCRIPT_OUTPUT_FILE_0}\"\n";
			showEnvVarsInLog = 0;
		};
		87A17BEF69B206ABEB070BC6 /* [CP] Check Pods Manifest.lock */ = {
			isa = PBXShellScriptBuildPhase;
			buildActionMask = 2147483647;
			files = (
			);
			inputFileListPaths = (
			);
			inputPaths = (
				"${PODS_PODFILE_DIR_PATH}/Podfile.lock",
				"${PODS_ROOT}/Manifest.lock",
			);
			name = "[CP] Check Pods Manifest.lock";
			outputFileListPaths = (
			);
			outputPaths = (
				"$(DERIVED_FILE_DIR)/Pods-BMS-MarvelVsDC-checkManifestLockResult.txt",
			);
			runOnlyForDeploymentPostprocessing = 0;
			shellPath = /bin/sh;
			shellScript = "diff \"${PODS_PODFILE_DIR_PATH}/Podfile.lock\" \"${PODS_ROOT}/Manifest.lock\" > /dev/null\nif [ $? != 0 ] ; then\n    # print error to STDERR\n    echo \"error: The sandbox is not in sync with the Podfile.lock. Run 'pod install' or update your CocoaPods installation.\" >&2\n    exit 1\nfi\n# This output is used by Xcode 'outputs' to avoid re-running this script phase.\necho \"SUCCESS\" > \"${SCRIPT_OUTPUT_FILE_0}\"\n";
			showEnvVarsInLog = 0;
		};
		8E1836EEF18BE156ECB5BD16 /* [CP] Embed Pods Frameworks */ = {
			isa = PBXShellScriptBuildPhase;
			buildActionMask = 2147483647;
			files = (
			);
			inputFileListPaths = (
				"${PODS_ROOT}/Target Support Files/Pods-BMS-MarvelVsDC/Pods-BMS-MarvelVsDC-frameworks-${CONFIGURATION}-input-files.xcfilelist",
			);
			name = "[CP] Embed Pods Frameworks";
			outputFileListPaths = (
				"${PODS_ROOT}/Target Support Files/Pods-BMS-MarvelVsDC/Pods-BMS-MarvelVsDC-frameworks-${CONFIGURATION}-output-files.xcfilelist",
			);
			runOnlyForDeploymentPostprocessing = 0;
			shellPath = /bin/sh;
			shellScript = "\"${PODS_ROOT}/Target Support Files/Pods-BMS-MarvelVsDC/Pods-BMS-MarvelVsDC-frameworks.sh\"\n";
			showEnvVarsInLog = 0;
		};
/* End PBXShellScriptBuildPhase section */

/* Begin PBXSourcesBuildPhase section */
		297CAA172983ACD2005D2319 /* Sources */ = {
			isa = PBXSourcesBuildPhase;
			buildActionMask = 2147483647;
			files = (
				297CAA772983EFE7005D2319 /* HorizontalListTableViewCell.swift in Sources */,
				297CAA652983E404005D2319 /* UIViewController+Extension.swift in Sources */,
				297CAA8529850C22005D2319 /* ErrorView.swift in Sources */,
				297CAA5F2983E205005D2319 /* APIHeader.swift in Sources */,
				297CAA6F2983E963005D2319 /* MovieTableViewCell.swift in Sources */,
				297CAA672983E4C9005D2319 /* MarvelDCResponse.swift in Sources */,
				297CAA5D2983E175005D2319 /* APIConstants.swift in Sources */,
				297CAA232983ACD2005D2319 /* MarvelDCMoviesListViewController.swift in Sources */,
				297CAA722983EA41005D2319 /* String+Extension.swift in Sources */,
				297CAA1F2983ACD2005D2319 /* AppDelegate.swift in Sources */,
				297CAA5B2983B7C8005D2319 /* APIManager.swift in Sources */,
				297CAA742983EB23005D2319 /* UITableView+Extension.swift in Sources */,
				297CAA632983E25E005D2319 /* MovieAPIManager.swift in Sources */,
				297CAA802983FB54005D2319 /* UIImageView+Extension.swift in Sources */,
				297CAA692983E5FB005D2319 /* MoviesListViewModel.swift in Sources */,
				297CAA592983AEB3005D2319 /* UIView+Extension.swift in Sources */,
				297CAA212983ACD2005D2319 /* SceneDelegate.swift in Sources */,
				297CAA7B2983F0A5005D2319 /* MovieCollectionViewCell.swift in Sources */,
				297CAA7E2983F15C005D2319 /* UICollectionView+Extension.swift in Sources */,
			);
			runOnlyForDeploymentPostprocessing = 0;
		};
		297CAA2D2983ACD3005D2319 /* Sources */ = {
			isa = PBXSourcesBuildPhase;
			buildActionMask = 2147483647;
			files = (
				297CAA362983ACD3005D2319 /* BMS_MarvelVsDCTests.swift in Sources */,
			);
			runOnlyForDeploymentPostprocessing = 0;
		};
		297CAA372983ACD3005D2319 /* Sources */ = {
			isa = PBXSourcesBuildPhase;
			buildActionMask = 2147483647;
			files = (
				297CAA422983ACD3005D2319 /* BMS_MarvelVsDCUITestsLaunchTests.swift in Sources */,
				297CAA402983ACD3005D2319 /* BMS_MarvelVsDCUITests.swift in Sources */,
			);
			runOnlyForDeploymentPostprocessing = 0;
		};
/* End PBXSourcesBuildPhase section */

/* Begin PBXTargetDependency section */
		297CAA332983ACD3005D2319 /* PBXTargetDependency */ = {
			isa = PBXTargetDependency;
			target = 297CAA1A2983ACD2005D2319 /* BMS-MarvelVsDC */;
			targetProxy = 297CAA322983ACD3005D2319 /* PBXContainerItemProxy */;
		};
		297CAA3D2983ACD3005D2319 /* PBXTargetDependency */ = {
			isa = PBXTargetDependency;
			target = 297CAA1A2983ACD2005D2319 /* BMS-MarvelVsDC */;
			targetProxy = 297CAA3C2983ACD3005D2319 /* PBXContainerItemProxy */;
		};
/* End PBXTargetDependency section */

/* Begin PBXVariantGroup section */
		297CAA242983ACD2005D2319 /* Main.storyboard */ = {
			isa = PBXVariantGroup;
			children = (
				297CAA252983ACD2005D2319 /* Base */,
			);
			name = Main.storyboard;
			sourceTree = "<group>";
		};
		297CAA292983ACD3005D2319 /* LaunchScreen.storyboard */ = {
			isa = PBXVariantGroup;
			children = (
				297CAA2A2983ACD3005D2319 /* Base */,
			);
			name = LaunchScreen.storyboard;
			sourceTree = "<group>";
		};
/* End PBXVariantGroup section */

/* Begin XCBuildConfiguration section */
		297CAA432983ACD3005D2319 /* Debug */ = {
			isa = XCBuildConfiguration;
			buildSettings = {
				ALWAYS_SEARCH_USER_PATHS = NO;
				CLANG_ANALYZER_NONNULL = YES;
				CLANG_ANALYZER_NUMBER_OBJECT_CONVERSION = YES_AGGRESSIVE;
				CLANG_CXX_LANGUAGE_STANDARD = "gnu++20";
				CLANG_ENABLE_MODULES = YES;
				CLANG_ENABLE_OBJC_ARC = YES;
				CLANG_ENABLE_OBJC_WEAK = YES;
				CLANG_WARN_BLOCK_CAPTURE_AUTORELEASING = YES;
				CLANG_WARN_BOOL_CONVERSION = YES;
				CLANG_WARN_COMMA = YES;
				CLANG_WARN_CONSTANT_CONVERSION = YES;
				CLANG_WARN_DEPRECATED_OBJC_IMPLEMENTATIONS = YES;
				CLANG_WARN_DIRECT_OBJC_ISA_USAGE = YES_ERROR;
				CLANG_WARN_DOCUMENTATION_COMMENTS = YES;
				CLANG_WARN_EMPTY_BODY = YES;
				CLANG_WARN_ENUM_CONVERSION = YES;
				CLANG_WARN_INFINITE_RECURSION = YES;
				CLANG_WARN_INT_CONVERSION = YES;
				CLANG_WARN_NON_LITERAL_NULL_CONVERSION = YES;
				CLANG_WARN_OBJC_IMPLICIT_RETAIN_SELF = YES;
				CLANG_WARN_OBJC_LITERAL_CONVERSION = YES;
				CLANG_WARN_OBJC_ROOT_CLASS = YES_ERROR;
				CLANG_WARN_QUOTED_INCLUDE_IN_FRAMEWORK_HEADER = YES;
				CLANG_WARN_RANGE_LOOP_ANALYSIS = YES;
				CLANG_WARN_STRICT_PROTOTYPES = YES;
				CLANG_WARN_SUSPICIOUS_MOVE = YES;
				CLANG_WARN_UNGUARDED_AVAILABILITY = YES_AGGRESSIVE;
				CLANG_WARN_UNREACHABLE_CODE = YES;
				CLANG_WARN__DUPLICATE_METHOD_MATCH = YES;
				COPY_PHASE_STRIP = NO;
				DEBUG_INFORMATION_FORMAT = dwarf;
				ENABLE_STRICT_OBJC_MSGSEND = YES;
				ENABLE_TESTABILITY = YES;
				GCC_C_LANGUAGE_STANDARD = gnu11;
				GCC_DYNAMIC_NO_PIC = NO;
				GCC_NO_COMMON_BLOCKS = YES;
				GCC_OPTIMIZATION_LEVEL = 0;
				GCC_PREPROCESSOR_DEFINITIONS = (
					"DEBUG=1",
					"$(inherited)",
				);
				GCC_WARN_64_TO_32_BIT_CONVERSION = YES;
				GCC_WARN_ABOUT_RETURN_TYPE = YES_ERROR;
				GCC_WARN_UNDECLARED_SELECTOR = YES;
				GCC_WARN_UNINITIALIZED_AUTOS = YES_AGGRESSIVE;
				GCC_WARN_UNUSED_FUNCTION = YES;
				GCC_WARN_UNUSED_VARIABLE = YES;
				IPHONEOS_DEPLOYMENT_TARGET = 16.0;
				MTL_ENABLE_DEBUG_INFO = INCLUDE_SOURCE;
				MTL_FAST_MATH = YES;
				ONLY_ACTIVE_ARCH = YES;
				SDKROOT = iphoneos;
				SWIFT_ACTIVE_COMPILATION_CONDITIONS = DEBUG;
				SWIFT_OPTIMIZATION_LEVEL = "-Onone";
			};
			name = Debug;
		};
		297CAA442983ACD3005D2319 /* Release */ = {
			isa = XCBuildConfiguration;
			buildSettings = {
				ALWAYS_SEARCH_USER_PATHS = NO;
				CLANG_ANALYZER_NONNULL = YES;
				CLANG_ANALYZER_NUMBER_OBJECT_CONVERSION = YES_AGGRESSIVE;
				CLANG_CXX_LANGUAGE_STANDARD = "gnu++20";
				CLANG_ENABLE_MODULES = YES;
				CLANG_ENABLE_OBJC_ARC = YES;
				CLANG_ENABLE_OBJC_WEAK = YES;
				CLANG_WARN_BLOCK_CAPTURE_AUTORELEASING = YES;
				CLANG_WARN_BOOL_CONVERSION = YES;
				CLANG_WARN_COMMA = YES;
				CLANG_WARN_CONSTANT_CONVERSION = YES;
				CLANG_WARN_DEPRECATED_OBJC_IMPLEMENTATIONS = YES;
				CLANG_WARN_DIRECT_OBJC_ISA_USAGE = YES_ERROR;
				CLANG_WARN_DOCUMENTATION_COMMENTS = YES;
				CLANG_WARN_EMPTY_BODY = YES;
				CLANG_WARN_ENUM_CONVERSION = YES;
				CLANG_WARN_INFINITE_RECURSION = YES;
				CLANG_WARN_INT_CONVERSION = YES;
				CLANG_WARN_NON_LITERAL_NULL_CONVERSION = YES;
				CLANG_WARN_OBJC_IMPLICIT_RETAIN_SELF = YES;
				CLANG_WARN_OBJC_LITERAL_CONVERSION = YES;
				CLANG_WARN_OBJC_ROOT_CLASS = YES_ERROR;
				CLANG_WARN_QUOTED_INCLUDE_IN_FRAMEWORK_HEADER = YES;
				CLANG_WARN_RANGE_LOOP_ANALYSIS = YES;
				CLANG_WARN_STRICT_PROTOTYPES = YES;
				CLANG_WARN_SUSPICIOUS_MOVE = YES;
				CLANG_WARN_UNGUARDED_AVAILABILITY = YES_AGGRESSIVE;
				CLANG_WARN_UNREACHABLE_CODE = YES;
				CLANG_WARN__DUPLICATE_METHOD_MATCH = YES;
				COPY_PHASE_STRIP = NO;
				DEBUG_INFORMATION_FORMAT = "dwarf-with-dsym";
				ENABLE_NS_ASSERTIONS = NO;
				ENABLE_STRICT_OBJC_MSGSEND = YES;
				GCC_C_LANGUAGE_STANDARD = gnu11;
				GCC_NO_COMMON_BLOCKS = YES;
				GCC_WARN_64_TO_32_BIT_CONVERSION = YES;
				GCC_WARN_ABOUT_RETURN_TYPE = YES_ERROR;
				GCC_WARN_UNDECLARED_SELECTOR = YES;
				GCC_WARN_UNINITIALIZED_AUTOS = YES_AGGRESSIVE;
				GCC_WARN_UNUSED_FUNCTION = YES;
				GCC_WARN_UNUSED_VARIABLE = YES;
				IPHONEOS_DEPLOYMENT_TARGET = 16.0;
				MTL_ENABLE_DEBUG_INFO = NO;
				MTL_FAST_MATH = YES;
				SDKROOT = iphoneos;
				SWIFT_COMPILATION_MODE = wholemodule;
				SWIFT_OPTIMIZATION_LEVEL = "-O";
				VALIDATE_PRODUCT = YES;
			};
			name = Release;
		};
		297CAA462983ACD3005D2319 /* Debug */ = {
			isa = XCBuildConfiguration;
			baseConfigurationReference = 02B903D380AC7F1B753ED0D4 /* Pods-BMS-MarvelVsDC.debug.xcconfig */;
			buildSettings = {
				ASSETCATALOG_COMPILER_APPICON_NAME = AppIcon;
				ASSETCATALOG_COMPILER_GLOBAL_ACCENT_COLOR_NAME = AccentColor;
				CODE_SIGN_STYLE = Automatic;
				CURRENT_PROJECT_VERSION = 1;
				DEVELOPMENT_TEAM = LDG758GFDP;
				GENERATE_INFOPLIST_FILE = YES;
				INFOPLIST_FILE = "BMS-MarvelVsDC/Info.plist";
				INFOPLIST_KEY_CFBundleDisplayName = "Marvel DC";
				INFOPLIST_KEY_UIApplicationSupportsIndirectInputEvents = YES;
				INFOPLIST_KEY_UILaunchStoryboardName = LaunchScreen;
				INFOPLIST_KEY_UIMainStoryboardFile = Main;
				INFOPLIST_KEY_UISupportedInterfaceOrientations_iPad = "UIInterfaceOrientationPortrait UIInterfaceOrientationPortraitUpsideDown UIInterfaceOrientationLandscapeLeft UIInterfaceOrientationLandscapeRight";
				INFOPLIST_KEY_UISupportedInterfaceOrientations_iPhone = "UIInterfaceOrientationPortrait UIInterfaceOrientationLandscapeLeft UIInterfaceOrientationLandscapeRight";
				LD_RUNPATH_SEARCH_PATHS = (
					"$(inherited)",
					"@executable_path/Frameworks",
				);
				MARKETING_VERSION = 1.0;
				PRODUCT_BUNDLE_IDENTIFIER = "com.caseStudy.BMS-MarvelVsDC";
				PRODUCT_NAME = "$(TARGET_NAME)";
				SWIFT_EMIT_LOC_STRINGS = YES;
				SWIFT_VERSION = 5.0;
				TARGETED_DEVICE_FAMILY = "1,2";
			};
			name = Debug;
		};
		297CAA472983ACD3005D2319 /* Release */ = {
			isa = XCBuildConfiguration;
			baseConfigurationReference = 2607704E0EEEF6EEF39F5C1F /* Pods-BMS-MarvelVsDC.release.xcconfig */;
			buildSettings = {
				ASSETCATALOG_COMPILER_APPICON_NAME = AppIcon;
				ASSETCATALOG_COMPILER_GLOBAL_ACCENT_COLOR_NAME = AccentColor;
				CODE_SIGN_STYLE = Automatic;
				CURRENT_PROJECT_VERSION = 1;
				DEVELOPMENT_TEAM = LDG758GFDP;
				GENERATE_INFOPLIST_FILE = YES;
				INFOPLIST_FILE = "BMS-MarvelVsDC/Info.plist";
				INFOPLIST_KEY_CFBundleDisplayName = "Marvel DC";
				INFOPLIST_KEY_UIApplicationSupportsIndirectInputEvents = YES;
				INFOPLIST_KEY_UILaunchStoryboardName = LaunchScreen;
				INFOPLIST_KEY_UIMainStoryboardFile = Main;
				INFOPLIST_KEY_UISupportedInterfaceOrientations_iPad = "UIInterfaceOrientationPortrait UIInterfaceOrientationPortraitUpsideDown UIInterfaceOrientationLandscapeLeft UIInterfaceOrientationLandscapeRight";
				INFOPLIST_KEY_UISupportedInterfaceOrientations_iPhone = "UIInterfaceOrientationPortrait UIInterfaceOrientationLandscapeLeft UIInterfaceOrientationLandscapeRight";
				LD_RUNPATH_SEARCH_PATHS = (
					"$(inherited)",
					"@executable_path/Frameworks",
				);
				MARKETING_VERSION = 1.0;
				PRODUCT_BUNDLE_IDENTIFIER = "com.caseStudy.BMS-MarvelVsDC";
				PRODUCT_NAME = "$(TARGET_NAME)";
				SWIFT_EMIT_LOC_STRINGS = YES;
				SWIFT_VERSION = 5.0;
				TARGETED_DEVICE_FAMILY = "1,2";
			};
			name = Release;
		};
		297CAA492983ACD3005D2319 /* Debug */ = {
			isa = XCBuildConfiguration;
			baseConfigurationReference = 1B246A0BB6E23921E6F7F440 /* Pods-BMS-MarvelVsDCTests.debug.xcconfig */;
			buildSettings = {
				ALWAYS_EMBED_SWIFT_STANDARD_LIBRARIES = YES;
				BUNDLE_LOADER = "$(TEST_HOST)";
				CODE_SIGN_STYLE = Automatic;
				CURRENT_PROJECT_VERSION = 1;
				DEVELOPMENT_TEAM = LDG758GFDP;
				GENERATE_INFOPLIST_FILE = YES;
				IPHONEOS_DEPLOYMENT_TARGET = 16.0;
				MARKETING_VERSION = 1.0;
				PRODUCT_BUNDLE_IDENTIFIER = "com.caseStudy.BMS-MarvelVsDCTests";
				PRODUCT_NAME = "$(TARGET_NAME)";
				SWIFT_EMIT_LOC_STRINGS = NO;
				SWIFT_VERSION = 5.0;
				TARGETED_DEVICE_FAMILY = "1,2";
				TEST_HOST = "$(BUILT_PRODUCTS_DIR)/BMS-MarvelVsDC.app/$(BUNDLE_EXECUTABLE_FOLDER_PATH)/BMS-MarvelVsDC";
			};
			name = Debug;
		};
		297CAA4A2983ACD3005D2319 /* Release */ = {
			isa = XCBuildConfiguration;
			baseConfigurationReference = 80DEAD5ECCB898A304D5CFA5 /* Pods-BMS-MarvelVsDCTests.release.xcconfig */;
			buildSettings = {
				ALWAYS_EMBED_SWIFT_STANDARD_LIBRARIES = YES;
				BUNDLE_LOADER = "$(TEST_HOST)";
				CODE_SIGN_STYLE = Automatic;
				CURRENT_PROJECT_VERSION = 1;
				DEVELOPMENT_TEAM = LDG758GFDP;
				GENERATE_INFOPLIST_FILE = YES;
				IPHONEOS_DEPLOYMENT_TARGET = 16.0;
				MARKETING_VERSION = 1.0;
				PRODUCT_BUNDLE_IDENTIFIER = "com.caseStudy.BMS-MarvelVsDCTests";
				PRODUCT_NAME = "$(TARGET_NAME)";
				SWIFT_EMIT_LOC_STRINGS = NO;
				SWIFT_VERSION = 5.0;
				TARGETED_DEVICE_FAMILY = "1,2";
				TEST_HOST = "$(BUILT_PRODUCTS_DIR)/BMS-MarvelVsDC.app/$(BUNDLE_EXECUTABLE_FOLDER_PATH)/BMS-MarvelVsDC";
			};
			name = Release;
		};
		297CAA4C2983ACD3005D2319 /* Debug */ = {
			isa = XCBuildConfiguration;
			baseConfigurationReference = 94FF51A9A5168799576E0826 /* Pods-BMS-MarvelVsDC-BMS-MarvelVsDCUITests.debug.xcconfig */;
			buildSettings = {
				ALWAYS_EMBED_SWIFT_STANDARD_LIBRARIES = YES;
				CODE_SIGN_STYLE = Automatic;
				CURRENT_PROJECT_VERSION = 1;
				DEVELOPMENT_TEAM = LDG758GFDP;
				GENERATE_INFOPLIST_FILE = YES;
				MARKETING_VERSION = 1.0;
				PRODUCT_BUNDLE_IDENTIFIER = "com.caseStudy.BMS-MarvelVsDCUITests";
				PRODUCT_NAME = "$(TARGET_NAME)";
				SWIFT_EMIT_LOC_STRINGS = NO;
				SWIFT_VERSION = 5.0;
				TARGETED_DEVICE_FAMILY = "1,2";
				TEST_TARGET_NAME = "BMS-MarvelVsDC";
			};
			name = Debug;
		};
		297CAA4D2983ACD3005D2319 /* Release */ = {
			isa = XCBuildConfiguration;
			baseConfigurationReference = 5A0DD68A70CC8F1402AC1979 /* Pods-BMS-MarvelVsDC-BMS-MarvelVsDCUITests.release.xcconfig */;
			buildSettings = {
				ALWAYS_EMBED_SWIFT_STANDARD_LIBRARIES = YES;
				CODE_SIGN_STYLE = Automatic;
				CURRENT_PROJECT_VERSION = 1;
				DEVELOPMENT_TEAM = LDG758GFDP;
				GENERATE_INFOPLIST_FILE = YES;
				MARKETING_VERSION = 1.0;
				PRODUCT_BUNDLE_IDENTIFIER = "com.caseStudy.BMS-MarvelVsDCUITests";
				PRODUCT_NAME = "$(TARGET_NAME)";
				SWIFT_EMIT_LOC_STRINGS = NO;
				SWIFT_VERSION = 5.0;
				TARGETED_DEVICE_FAMILY = "1,2";
				TEST_TARGET_NAME = "BMS-MarvelVsDC";
			};
			name = Release;
		};
/* End XCBuildConfiguration section */

/* Begin XCConfigurationList section */
		297CAA162983ACD2005D2319 /* Build configuration list for PBXProject "BMS-MarvelVsDC" */ = {
			isa = XCConfigurationList;
			buildConfigurations = (
				297CAA432983ACD3005D2319 /* Debug */,
				297CAA442983ACD3005D2319 /* Release */,
			);
			defaultConfigurationIsVisible = 0;
			defaultConfigurationName = Release;
		};
		297CAA452983ACD3005D2319 /* Build configuration list for PBXNativeTarget "BMS-MarvelVsDC" */ = {
			isa = XCConfigurationList;
			buildConfigurations = (
				297CAA462983ACD3005D2319 /* Debug */,
				297CAA472983ACD3005D2319 /* Release */,
			);
			defaultConfigurationIsVisible = 0;
			defaultConfigurationName = Release;
		};
		297CAA482983ACD3005D2319 /* Build configuration list for PBXNativeTarget "BMS-MarvelVsDCTests" */ = {
			isa = XCConfigurationList;
			buildConfigurations = (
				297CAA492983ACD3005D2319 /* Debug */,
				297CAA4A2983ACD3005D2319 /* Release */,
			);
			defaultConfigurationIsVisible = 0;
			defaultConfigurationName = Release;
		};
		297CAA4B2983ACD3005D2319 /* Build configuration list for PBXNativeTarget "BMS-MarvelVsDCUITests" */ = {
			isa = XCConfigurationList;
			buildConfigurations = (
				297CAA4C2983ACD3005D2319 /* Debug */,
				297CAA4D2983ACD3005D2319 /* Release */,
			);
			defaultConfigurationIsVisible = 0;
			defaultConfigurationName = Release;
		};
/* End XCConfigurationList section */
	};
	rootObject = 297CAA132983ACD2005D2319 /* Project object */;
}
